// !$*UTF8*$!
{
	archiveVersion = 1;
	classes = {
	};
	objectVersion = 46;
	objects = {

/* Begin PBXBuildFile section */
		02763F53CA6D4850AB871323 /* preregister.txt in Resources */ = {isa = PBXBuildFile; fileRef = C23AD14776BC8137DA26CEE9 /* preregister.txt */; };
		20FAD00ACD52D13F270F68B4 /* preregister.txt in Resources */ = {isa = PBXBuildFile; fileRef = FDFC3909C9655AAF9A998C0A /* preregister.txt */; };
		459CC58D09FB5B1D68199B7D /* Info.plist in Resources */ = {isa = PBXBuildFile; fileRef = CC064BFB4D9FEB0160F3757C /* Info.plist */; };
		5D595918547313539730A454 /* classlist.txt in Resources */ = {isa = PBXBuildFile; fileRef = D2F1EFE886D013C300A5BDB4 /* classlist.txt */; };
		7233C7D1B1C7822F7F75C578 /* main.cpp in Sources */ = {isa = PBXBuildFile; fileRef = C1B2EFAD8A2CFF7900BA95C0 /* main.cpp */; };
		759B590576E52BAFCC3CFB4A /* application.jar in Resources */ = {isa = PBXBuildFile; fileRef = 03644CE9EE3AB21080BAFE5F /* application.jar */; };
		87EE95E819BCE6578284E6F9 /* application.jar in Resources */ = {isa = PBXBuildFile; fileRef = BA16E6B152E03C0B24BC16CC /* application.jar */; };
		99AFC9FC1D802DB40096C000 /* AQLevelMeter.m in Sources */ = {isa = PBXBuildFile; fileRef = 99AFC9F91D802DB40096C000 /* AQLevelMeter.m */; };
		99AFC9FD1D802DB40096C000 /* SpeakHereViewController.m in Sources */ = {isa = PBXBuildFile; fileRef = 99AFC9FB1D802DB40096C000 /* SpeakHereViewController.m */; };
		A9573D9F0BACCEC15AF6BC74 /* LaunchScreen.xib in Resources */ = {isa = PBXBuildFile; fileRef = 7DDE19AFFC47FBEFEADEDA46 /* LaunchScreen.xib */; };
		B2772EC7AA0EE0DB5B189076 /* soundbar_plate_mono.png in Resources */ = {isa = PBXBuildFile; fileRef = A7E838801C4D44A84E8BF675 /* soundbar_plate_mono.png */; };
		C6859EC595AE86A223F520CD /* main.cpp in Sources */ = {isa = PBXBuildFile; fileRef = C1B2EFAD8A2CFF7900BA95C0 /* main.cpp */; };
		E675E3F91D8C943817E5912B /* speaker_grill.png in Resources */ = {isa = PBXBuildFile; fileRef = 2929AF5F7F928E61744FB987 /* speaker_grill.png */; };
		F4839AD461F9227E78513812 /* Main.storyboard in Resources */ = {isa = PBXBuildFile; fileRef = 48DC55AD24DB9F9C3B4BF0D6 /* Main.storyboard */; };
		E34D361CC74F816C14676F6D /* moe-main-interfaces.m in Sources */ = {isa = PBXBuildFile; fileRef = 7B7B7EF7A3F584EEE4536E84 /* moe-main-interfaces.m */; };
/* End PBXBuildFile section */

/* Begin PBXCopyFilesBuildPhase section */
		1ECF4ACCA04D66BC183861B9 /* Embed Frameworks */ = {
			isa = PBXCopyFilesBuildPhase;
			buildActionMask = 2147483647;
			dstPath = "";
			dstSubfolderSpec = 10;
			files = (
			);
			name = "Embed Frameworks";
			runOnlyForDeploymentPostprocessing = 0;
		};
		591B3061095BB5C275BD7F71 /* Embed Frameworks */ = {
			isa = PBXCopyFilesBuildPhase;
			buildActionMask = 2147483647;
			dstPath = "";
			dstSubfolderSpec = 10;
			files = (
			);
			name = "Embed Frameworks";
			runOnlyForDeploymentPostprocessing = 0;
		};
/* End PBXCopyFilesBuildPhase section */

/* Begin PBXFileReference section */
		03644CE9EE3AB21080BAFE5F /* application.jar */ = {isa = PBXFileReference; lastKnownFileType = archive.jar; name = application.jar; path = ../build/moe/main/application.jar; sourceTree = SOURCE_ROOT; };
		1DB1DAAB65EEEB3511FB14C1 /* build.xcconfig */ = {isa = PBXFileReference; lastKnownFileType = text.xcconfig; path = build.xcconfig; sourceTree = "<group>"; };
		2929AF5F7F928E61744FB987 /* speaker_grill.png */ = {isa = PBXFileReference; lastKnownFileType = image.png; name = speaker_grill.png; path = ../src/main/resources/speaker_grill.png; sourceTree = SOURCE_ROOT; };
		364BD2C0E91D85C1B44A059C /* SpeakHere-Test.app */ = {isa = PBXFileReference; explicitFileType = wrapper.application; includeInIndex = 0; path = "SpeakHere-Test.app"; sourceTree = BUILT_PRODUCTS_DIR; };
		48DC55AD24DB9F9C3B4BF0D6 /* Main.storyboard */ = {isa = PBXFileReference; lastKnownFileType = file.storyboard; name = Main.storyboard; path = ../src/main/resources/Main.storyboard; sourceTree = SOURCE_ROOT; };
		7DDE19AFFC47FBEFEADEDA46 /* LaunchScreen.xib */ = {isa = PBXFileReference; lastKnownFileType = file.xib; name = LaunchScreen.xib; path = ../src/main/resources/LaunchScreen.xib; sourceTree = SOURCE_ROOT; };
		99AFC9F81D802DB40096C000 /* AQLevelMeter.h */ = {isa = PBXFileReference; fileEncoding = 4; lastKnownFileType = sourcecode.c.h; path = AQLevelMeter.h; sourceTree = "<group>"; };
		99AFC9F91D802DB40096C000 /* AQLevelMeter.m */ = {isa = PBXFileReference; fileEncoding = 4; lastKnownFileType = sourcecode.c.objc; path = AQLevelMeter.m; sourceTree = "<group>"; };
		99AFC9FA1D802DB40096C000 /* SpeakHereViewController.h */ = {isa = PBXFileReference; fileEncoding = 4; lastKnownFileType = sourcecode.c.h; path = SpeakHereViewController.h; sourceTree = "<group>"; };
		99AFC9FB1D802DB40096C000 /* SpeakHereViewController.m */ = {isa = PBXFileReference; fileEncoding = 4; lastKnownFileType = sourcecode.c.objc; path = SpeakHereViewController.m; sourceTree = "<group>"; };
		9AF8409940640CF892B49072 /* SpeakHere.app */ = {isa = PBXFileReference; explicitFileType = wrapper.application; includeInIndex = 0; path = SpeakHere.app; sourceTree = BUILT_PRODUCTS_DIR; };
		A7E838801C4D44A84E8BF675 /* soundbar_plate_mono.png */ = {isa = PBXFileReference; lastKnownFileType = image.png; name = soundbar_plate_mono.png; path = ../src/main/resources/soundbar_plate_mono.png; sourceTree = SOURCE_ROOT; };
		BA16E6B152E03C0B24BC16CC /* application.jar */ = {isa = PBXFileReference; lastKnownFileType = archive.jar; name = application.jar; path = ../build/moe/test/application.jar; sourceTree = SOURCE_ROOT; };
		C1B2EFAD8A2CFF7900BA95C0 /* main.cpp */ = {isa = PBXFileReference; lastKnownFileType = sourcecode.cpp.cpp; path = main.cpp; sourceTree = "<group>"; };
		C23AD14776BC8137DA26CEE9 /* preregister.txt */ = {isa = PBXFileReference; lastKnownFileType = text; name = preregister.txt; path = ../build/moe/test/preregister.txt; sourceTree = SOURCE_ROOT; };
		CC064BFB4D9FEB0160F3757C /* Info.plist */ = {isa = PBXFileReference; lastKnownFileType = text.plist.xml; name = Info.plist; path = ../src/main/resources/Info.plist; sourceTree = SOURCE_ROOT; };
		D2F1EFE886D013C300A5BDB4 /* classlist.txt */ = {isa = PBXFileReference; lastKnownFileType = text; name = classlist.txt; path = ../build/moe/test/classlist.txt; sourceTree = SOURCE_ROOT; };
		DA104DCF25811CAAFFEF9B46 /* Info-Test.plist */ = {isa = PBXFileReference; lastKnownFileType = text.plist.xml; name = "Info-Test.plist"; path = "SpeakHere-Test/Info-Test.plist"; sourceTree = SOURCE_ROOT; };
		DAC29BF70E811D01CBA165A6 /* build.xcconfig */ = {isa = PBXFileReference; lastKnownFileType = text.xcconfig; path = build.xcconfig; sourceTree = "<group>"; };
		EACCB9B0C0059D8FD1ABCFC8 /* Info.plist */ = {isa = PBXFileReference; lastKnownFileType = text.plist.xml; name = Info.plist; path = ../src/main/resources/Info.plist; sourceTree = SOURCE_ROOT; };
		FDFC3909C9655AAF9A998C0A /* preregister.txt */ = {isa = PBXFileReference; lastKnownFileType = text; name = preregister.txt; path = ../build/moe/main/preregister.txt; sourceTree = SOURCE_ROOT; };
		7B7B7EF7A3F584EEE4536E84 /* moe-main-interfaces.m */ = {isa = PBXFileReference; lastKnownFileType = sourcecode.c.objc; name = "moe-main-interfaces.m"; path = "../build/moe/main/ui-headers/moe-main-interfaces.m"; sourceTree = "<group>"; };
/* End PBXFileReference section */

/* Begin PBXFrameworksBuildPhase section */
		078D6CE5BE669AEC12AAEAC9 /* Frameworks */ = {
			isa = PBXFrameworksBuildPhase;
			buildActionMask = 2147483647;
			files = (
			);
			runOnlyForDeploymentPostprocessing = 0;
		};
		44B8828CFD0CBCB9B01339A2 /* Frameworks */ = {
			isa = PBXFrameworksBuildPhase;
			buildActionMask = 2147483647;
			files = (
			);
			runOnlyForDeploymentPostprocessing = 0;
		};
/* End PBXFrameworksBuildPhase section */

/* Begin PBXGroup section */
		1989F9FFCB7E8BE1FA7A797B /* SpeakHere */ = {
			isa = PBXGroup;
			children = (
				50BFA4B9FC797B30969969C3 /* Supporting Files */,
			);
			path = SpeakHere;
			sourceTree = "<group>";
		};
		50BFA4B9FC797B30969969C3 /* Supporting Files */ = {
			isa = PBXGroup;
			children = (
				99AFC9F81D802DB40096C000 /* AQLevelMeter.h */,
				99AFC9F91D802DB40096C000 /* AQLevelMeter.m */,
				99AFC9FA1D802DB40096C000 /* SpeakHereViewController.h */,
				99AFC9FB1D802DB40096C000 /* SpeakHereViewController.m */,
				C1B2EFAD8A2CFF7900BA95C0 /* main.cpp */,
				1DB1DAAB65EEEB3511FB14C1 /* build.xcconfig */,
				EACCB9B0C0059D8FD1ABCFC8 /* Info.plist */,
				FDFC3909C9655AAF9A998C0A /* preregister.txt */,
				03644CE9EE3AB21080BAFE5F /* application.jar */,
				48DC55AD24DB9F9C3B4BF0D6 /* Main.storyboard */,
				CC064BFB4D9FEB0160F3757C /* Info.plist */,
				7DDE19AFFC47FBEFEADEDA46 /* LaunchScreen.xib */,
				2929AF5F7F928E61744FB987 /* speaker_grill.png */,
				A7E838801C4D44A84E8BF675 /* soundbar_plate_mono.png */,
			);
			name = "Supporting Files";
			sourceTree = "<group>";
		};
		5B3AB1D8EFE911F84D276069 /* Products */ = {
			isa = PBXGroup;
			children = (
				9AF8409940640CF892B49072 /* SpeakHere.app */,
				364BD2C0E91D85C1B44A059C /* SpeakHere-Test.app */,
			);
			path = Products;
			sourceTree = "<group>";
		};
		7D4FBDF5528F6D11AE6C064E /* Frameworks */ = {
			isa = PBXGroup;
			children = (
			);
			path = Frameworks;
			sourceTree = "<group>";
		};
		E344BB88DF72AF120E29923A = {
			isa = PBXGroup;
			children = (
				1989F9FFCB7E8BE1FA7A797B /* SpeakHere */,
				EAC7C55EC93514F102483877 /* SpeakHere-Test */,
				7D4FBDF5528F6D11AE6C064E /* Frameworks */,
				5B3AB1D8EFE911F84D276069 /* Products */,
				AD493E64A07C4BB16D17F368 /* Multi-OS Engine */,
			);
			sourceTree = "<group>";
		};
		EAC7C55EC93514F102483877 /* SpeakHere-Test */ = {
			isa = PBXGroup;
			children = (
				F51FCD709C5BC707150324FA /* Supporting Files */,
			);
			path = "SpeakHere-Test";
			sourceTree = "<group>";
		};
		F51FCD709C5BC707150324FA /* Supporting Files */ = {
			isa = PBXGroup;
			children = (
				DAC29BF70E811D01CBA165A6 /* build.xcconfig */,
				DA104DCF25811CAAFFEF9B46 /* Info-Test.plist */,
				C23AD14776BC8137DA26CEE9 /* preregister.txt */,
				BA16E6B152E03C0B24BC16CC /* application.jar */,
				D2F1EFE886D013C300A5BDB4 /* classlist.txt */,
			);
			name = "Supporting Files";
			sourceTree = "<group>";
		};
		AD493E64A07C4BB16D17F368 /* Multi-OS Engine */ = {
			isa = PBXGroup;
			name = "Multi-OS Engine";
			sourceTree = "<group>";
			children = (
				7B7B7EF7A3F584EEE4536E84 /* moe-main-interfaces.m */,
			);
		};
/* End PBXGroup section */

/* Begin PBXNativeTarget section */
		1C31E8945C37D28F291B05ED /* SpeakHere-Test */ = {
			isa = PBXNativeTarget;
			buildConfigurationList = F66A672D1D5BF827F9F43F8B /* Build configuration list for PBXNativeTarget "SpeakHere-Test" */;
			buildPhases = (
				122CD216170A1F9FBCE9EAAE /* Compile Sources (MOE) */,
				078D6CE5BE669AEC12AAEAC9 /* Frameworks */,
				5A7C4388AA9435FB565B9EC2 /* Resources */,
				0F38C3C9595464AC42A8BFAF /* Sources */,
				591B3061095BB5C275BD7F71 /* Embed Frameworks */,
			);
			buildRules = (
			);
			name = "SpeakHere-Test";
			productName = "SpeakHere-Test";
			productReference = 364BD2C0E91D85C1B44A059C /* SpeakHere-Test.app */;
			productType = "com.apple.product-type.application";
		};
		48338BA5BF96B3BD51F22132 /* SpeakHere */ = {
			isa = PBXNativeTarget;
			buildConfigurationList = 275A947020540B3EE29DFCB9 /* Build configuration list for PBXNativeTarget "SpeakHere" */;
			buildPhases = (
				BD6BBA5D1A4209F08B67D5D6 /* Compile Sources (MOE) */,
				44B8828CFD0CBCB9B01339A2 /* Frameworks */,
				665A1698AD2624F42256599F /* Resources */,
				F811668F2F377CD87D5EE0B1 /* Sources */,
				1ECF4ACCA04D66BC183861B9 /* Embed Frameworks */,
			);
			buildRules = (
			);
			name = SpeakHere;
			productName = SpeakHere;
			productReference = 9AF8409940640CF892B49072 /* SpeakHere.app */;
			productType = "com.apple.product-type.application";
		};
/* End PBXNativeTarget section */

/* Begin PBXProject section */
		F0B1ED940C9EF0D7AAD4FF36 /* Project object */ = {
			isa = PBXProject;
			attributes = {
				ORGANIZATIONNAME = "My Company";
			};
			buildConfigurationList = 1D978B96CDFC7B1D42559091 /* Build configuration list for PBXProject "SpeakHere" */;
			compatibilityVersion = "Xcode 3.2";
			developmentRegion = English;
			hasScannedForEncodings = 0;
			knownRegions = (
				en,
				Base,
			);
			mainGroup = E344BB88DF72AF120E29923A;
			productRefGroup = 5B3AB1D8EFE911F84D276069 /* Products */;
			projectDirPath = "";
			projectRoot = "";
			targets = (
				48338BA5BF96B3BD51F22132 /* SpeakHere */,
				1C31E8945C37D28F291B05ED /* SpeakHere-Test */,
			);
		};
/* End PBXProject section */

/* Begin PBXResourcesBuildPhase section */
		5A7C4388AA9435FB565B9EC2 /* Resources */ = {
			isa = PBXResourcesBuildPhase;
			buildActionMask = 2147483647;
			files = (
				02763F53CA6D4850AB871323 /* preregister.txt in Resources */,
				87EE95E819BCE6578284E6F9 /* application.jar in Resources */,
				5D595918547313539730A454 /* classlist.txt in Resources */,
			);
			runOnlyForDeploymentPostprocessing = 0;
		};
		665A1698AD2624F42256599F /* Resources */ = {
			isa = PBXResourcesBuildPhase;
			buildActionMask = 2147483647;
			files = (
				20FAD00ACD52D13F270F68B4 /* preregister.txt in Resources */,
				759B590576E52BAFCC3CFB4A /* application.jar in Resources */,
				F4839AD461F9227E78513812 /* Main.storyboard in Resources */,
				459CC58D09FB5B1D68199B7D /* Info.plist in Resources */,
				A9573D9F0BACCEC15AF6BC74 /* LaunchScreen.xib in Resources */,
				E675E3F91D8C943817E5912B /* speaker_grill.png in Resources */,
				B2772EC7AA0EE0DB5B189076 /* soundbar_plate_mono.png in Resources */,
			);
			runOnlyForDeploymentPostprocessing = 0;
		};
/* End PBXResourcesBuildPhase section */

/* Begin PBXShellScriptBuildPhase section */
		122CD216170A1F9FBCE9EAAE /* Compile Sources (MOE) */ = {
			isa = PBXShellScriptBuildPhase;
			buildActionMask = 2147483647;
			files = (
			);
			inputPaths = (
			);
			name = "Compile Sources (MOE)";
			outputPaths = (
			);
			runOnlyForDeploymentPostprocessing = 0;
			shellPath = /bin/bash;
			shellScript = "set -e\n\nexport MOE_BUILD_SOURCE_SET=\"test\"\n\n# Check project directory\nif [ ! -d \"$MOE_PROJECT_DIR\" ]; then\n    echo \"$0:$LINENO:1: error: 'MOE_PROJECT_DIR' doesn't point to a directory!\"; exit 1;\nfi\ncd \"$MOE_PROJECT_DIR\"\n\n# Export JAVA_HOME\nexport JAVA_HOME=$(/usr/libexec/java_home -v 1.8)\n\n# Utility function for finding the Gradle implementation\nfunction findGradle {\n    CD=\"$PWD\"\n    while [ \"$CD\" != \"\" ]; do\n        echo \"Looking for gradlew in $CD\"\n        if [ -x \"$CD/gradlew\" ]; then\n            GRADLE_EXEC=$CD/gradlew\n            return 0\n        fi\n        CD=\"${CD%/*}\"\n    done\n\n    echo \"Checking with 'which'\"\n    GRADLE_EXEC=$(which 'gradle')\n\n    if [ \"$GRADLE_EXEC\" = \"\" ]; then\n        echo \"Failed to locate 'gradle' executable!\"\n        exit 1\n    fi\n}\n\n# Build project with Gradle\nif [ -z \"$MOE_GRADLE_EXTERNAL_BUILD\" ]; then\n    findGradle\n    \"$GRADLE_EXEC\" --daemon moeXcodeInternal -s\nfi\n\n# Check output directory\nif [ ! -d \"${MOE_PROJECT_BUILD_DIR}\" ]; then\n    echo \"$0:$LINENO:1: error: 'MOE_PROJECT_BUILD_DIR' doesn't point to a directory!\"; exit 1;\nfi\n\n# Copy some resources\nmkdir -p \"${TARGET_BUILD_DIR}/${UNLOCALIZED_RESOURCES_FOLDER_PATH}\"\ncp \"${MOE_PROJECT_BUILD_DIR}/moe/${MOE_BUILD_SOURCE_SET}/application.jar\" \"${TARGET_BUILD_DIR}/${UNLOCALIZED_RESOURCES_FOLDER_PATH}/\"\ncp \"${MOE_PROJECT_BUILD_DIR}/moe/${MOE_BUILD_SOURCE_SET}/preregister.txt\" \"${TARGET_BUILD_DIR}/${UNLOCALIZED_RESOURCES_FOLDER_PATH}/\"\nif [ \"${MOE_BUILD_SOURCE_SET}\" == \"test\" ]; then\n    cp \"${MOE_PROJECT_BUILD_DIR}/moe/${MOE_BUILD_SOURCE_SET}/classlist.txt\" \"${TARGET_BUILD_DIR}/${UNLOCALIZED_RESOURCES_FOLDER_PATH}/\"\nfi\n\n# Copy android CA certificates on demand\nif [ \"${MOE_COPY_ANDROID_CACERTS}\" == \"YES\" ]; then\n    rm -rf \"${TARGET_BUILD_DIR}/${UNLOCALIZED_RESOURCES_FOLDER_PATH}/android_root/etc/security/cacerts\"\n    mkdir -p \"${TARGET_BUILD_DIR}/${UNLOCALIZED_RESOURCES_FOLDER_PATH}/android_root/etc/security/cacerts\"\n    unzip \"${MOE_SDK_PATH}/sdk/moe-core-certificates.zip\" -d \"${TARGET_BUILD_DIR}/${UNLOCALIZED_RESOURCES_FOLDER_PATH}/android_root/etc/security/cacerts\"\nfi\n\n# Copy and sign MOE framework\nrsync -av --filter \"- CVS/\" --filter \"- .svn/\" --filter \"- .git/\" --filter \"- .hg/\" --filter \"- Headers\" --filter \"- PrivateHeaders\" --filter \"- Modules\" \\\n    \"${MOE_FRAMEWORK_PATH}/MOE.framework\" \"${TARGET_BUILD_DIR}/${FRAMEWORKS_FOLDER_PATH}/\"\nif [ -n \"${EXPANDED_CODE_SIGN_IDENTITY}\" -a \"${CODE_SIGNING_REQUIRED}\" != \"NO\" -a \"${CODE_SIGNING_ALLOWED}\" != \"NO\" ]; then\n    /usr/bin/codesign --force --sign $EXPANDED_CODE_SIGN_IDENTITY $OTHER_CODE_SIGN_FLAGS \\\n        --preserve-metadata=identifier,entitlements \"${TARGET_BUILD_DIR}/${FRAMEWORKS_FOLDER_PATH}/MOE.framework\"\nfi\n";
		};
		BD6BBA5D1A4209F08B67D5D6 /* Compile Sources (MOE) */ = {
			isa = PBXShellScriptBuildPhase;
			buildActionMask = 2147483647;
			files = (
			);
			inputPaths = (
			);
			name = "Compile Sources (MOE)";
			outputPaths = (
			);
			runOnlyForDeploymentPostprocessing = 0;
			shellPath = /bin/bash;
			shellScript = "set -e\n\nexport MOE_BUILD_SOURCE_SET=\"main\"\n\n# Check project directory\nif [ ! -d \"$MOE_PROJECT_DIR\" ]; then\n    echo \"$0:$LINENO:1: error: 'MOE_PROJECT_DIR' doesn't point to a directory!\"; exit 1;\nfi\ncd \"$MOE_PROJECT_DIR\"\n\n# Export JAVA_HOME\nexport JAVA_HOME=$(/usr/libexec/java_home -v 1.8)\n\n# Utility function for finding the Gradle implementation\nfunction findGradle {\n    CD=\"$PWD\"\n    while [ \"$CD\" != \"\" ]; do\n        echo \"Looking for gradlew in $CD\"\n        if [ -x \"$CD/gradlew\" ]; then\n            GRADLE_EXEC=$CD/gradlew\n            return 0\n        fi\n        CD=\"${CD%/*}\"\n    done\n\n    echo \"Checking with 'which'\"\n    GRADLE_EXEC=$(which 'gradle')\n\n    if [ \"$GRADLE_EXEC\" = \"\" ]; then\n        echo \"Failed to locate 'gradle' executable!\"\n        exit 1\n    fi\n}\n\n# Build project with Gradle\nif [ -z \"$MOE_GRADLE_EXTERNAL_BUILD\" ]; then\n    findGradle\n    \"$GRADLE_EXEC\" --daemon moeXcodeInternal -s\nfi\n\n# Check output directory\nif [ ! -d \"${MOE_PROJECT_BUILD_DIR}\" ]; then\n    echo \"$0:$LINENO:1: error: 'MOE_PROJECT_BUILD_DIR' doesn't point to a directory!\"; exit 1;\nfi\n\n# Copy some resources\nmkdir -p \"${TARGET_BUILD_DIR}/${UNLOCALIZED_RESOURCES_FOLDER_PATH}\"\ncp \"${MOE_PROJECT_BUILD_DIR}/moe/${MOE_BUILD_SOURCE_SET}/application.jar\" \"${TARGET_BUILD_DIR}/${UNLOCALIZED_RESOURCES_FOLDER_PATH}/\"\ncp \"${MOE_PROJECT_BUILD_DIR}/moe/${MOE_BUILD_SOURCE_SET}/preregister.txt\" \"${TARGET_BUILD_DIR}/${UNLOCALIZED_RESOURCES_FOLDER_PATH}/\"\nif [ \"${MOE_BUILD_SOURCE_SET}\" == \"test\" ]; then\n    cp \"${MOE_PROJECT_BUILD_DIR}/moe/${MOE_BUILD_SOURCE_SET}/classlist.txt\" \"${TARGET_BUILD_DIR}/${UNLOCALIZED_RESOURCES_FOLDER_PATH}/\"\nfi\n\n# Copy android CA certificates on demand\nif [ \"${MOE_COPY_ANDROID_CACERTS}\" == \"YES\" ]; then\n    rm -rf \"${TARGET_BUILD_DIR}/${UNLOCALIZED_RESOURCES_FOLDER_PATH}/android_root/etc/security/cacerts\"\n    mkdir -p \"${TARGET_BUILD_DIR}/${UNLOCALIZED_RESOURCES_FOLDER_PATH}/android_root/etc/security/cacerts\"\n    unzip \"${MOE_SDK_PATH}/sdk/moe-core-certificates.zip\" -d \"${TARGET_BUILD_DIR}/${UNLOCALIZED_RESOURCES_FOLDER_PATH}/android_root/etc/security/cacerts\"\nfi\n\n# Copy and sign MOE framework\nrsync -av --filter \"- CVS/\" --filter \"- .svn/\" --filter \"- .git/\" --filter \"- .hg/\" --filter \"- Headers\" --filter \"- PrivateHeaders\" --filter \"- Modules\" \\\n    \"${MOE_FRAMEWORK_PATH}/MOE.framework\" \"${TARGET_BUILD_DIR}/${FRAMEWORKS_FOLDER_PATH}/\"\nif [ -n \"${EXPANDED_CODE_SIGN_IDENTITY}\" -a \"${CODE_SIGNING_REQUIRED}\" != \"NO\" -a \"${CODE_SIGNING_ALLOWED}\" != \"NO\" ]; then\n    /usr/bin/codesign --force --sign $EXPANDED_CODE_SIGN_IDENTITY $OTHER_CODE_SIGN_FLAGS \\\n        --preserve-metadata=identifier,entitlements \"${TARGET_BUILD_DIR}/${FRAMEWORKS_FOLDER_PATH}/MOE.framework\"\nfi\n";
		};
/* End PBXShellScriptBuildPhase section */

/* Begin PBXSourcesBuildPhase section */
		0F38C3C9595464AC42A8BFAF /* Sources */ = {
			isa = PBXSourcesBuildPhase;
			buildActionMask = 2147483647;
			files = (
				7233C7D1B1C7822F7F75C578 /* main.cpp in Sources */,
			);
			runOnlyForDeploymentPostprocessing = 0;
		};
		F811668F2F377CD87D5EE0B1 /* Sources */ = {
			isa = PBXSourcesBuildPhase;
			buildActionMask = 2147483647;
			files = (
				99AFC9FC1D802DB40096C000 /* AQLevelMeter.m in Sources */,
				C6859EC595AE86A223F520CD /* main.cpp in Sources */,
				99AFC9FD1D802DB40096C000 /* SpeakHereViewController.m in Sources */,
				E34D361CC74F816C14676F6D /* moe-main-interfaces.m in Sources */,
			);
			runOnlyForDeploymentPostprocessing = 0;
		};
/* End PBXSourcesBuildPhase section */

/* Begin XCBuildConfiguration section */
		05C3461E3E34381C38493861 /* Debug */ = {
			isa = XCBuildConfiguration;
			baseConfigurationReference = 1DB1DAAB65EEEB3511FB14C1 /* build.xcconfig */;
			buildSettings = {
				DEAD_CODE_STRIPPING = NO;
				EMBEDDED_CONTENT_CONTAINS_SWIFT = NO;
				ENABLE_BITCODE = NO;
				FRAMEWORK_SEARCH_PATHS = "$(inherited)";
				INFOPLIST_FILE = ../src/main/resources/Info.plist;
				LD_RUNPATH_SEARCH_PATHS = "$(inherited) @executable_path/Frameworks";
				MOE_COPY_ANDROID_CACERTS = NO;
				MOE_FRAMEWORK_PATH = "${MOE_SDK_PATH}/sdk/${PLATFORM_NAME}";
				MOE_OTHER_LDFLAGS = "${MOE_SECT_OAT} ${MOE_SECT_ART} ${MOE_SEGPROT} ${MOE_PAGEZERO} ${MOE_CUSTOM_OTHER_LDFLAGS} -lstdc++ -framework MOE";
				"MOE_PAGEZERO[sdk=iphoneos*]" = "";
				"MOE_PAGEZERO[sdk=iphonesimulator*]" = "-pagezero_size 4096";
				MOE_PROJECT_BUILD_DIR = "${MOE_PROJECT_DIR}/build";
				MOE_PROJECT_DIR = "${SRCROOT}/../";
				MOE_SDK_PATH = "${MOE_PROJECT_BUILD_DIR}/moe/sdk";
				MOE_SECT_ART = "-sectcreate __ARTDATA __artdata \"${MOE_PROJECT_BUILD_DIR}/moe/main/xcode/${CONFIGURATION}${EFFECTIVE_PLATFORM_NAME}/${arch}.art\"";
				MOE_SECT_OAT = "-sectcreate __OATDATA __oatdata \"${MOE_PROJECT_BUILD_DIR}/moe/main/xcode/${CONFIGURATION}${EFFECTIVE_PLATFORM_NAME}/${arch}.oat\"";
				"MOE_SEGPROT[sdk=iphoneos*]" = "-segprot __OATDATA rx rx -segprot __ARTDATA rw rw";
				"MOE_SEGPROT[sdk=iphonesimulator*]" = "-segprot __OATDATA rwx rx -segprot __ARTDATA rwx rw";
				ONLY_ACTIVE_ARCH = YES;
				OTHER_LDFLAGS = "${MOE_OTHER_LDFLAGS}";
				PRODUCT_NAME = SpeakHere;
				STRIP_STYLE = "non-global";
			};
			name = Debug;
		};
		310CF84D3E666820F9DC544B /* Release */ = {
			isa = XCBuildConfiguration;
			baseConfigurationReference = 1DB1DAAB65EEEB3511FB14C1 /* build.xcconfig */;
			buildSettings = {
				DEAD_CODE_STRIPPING = NO;
				EMBEDDED_CONTENT_CONTAINS_SWIFT = NO;
				ENABLE_BITCODE = NO;
				FRAMEWORK_SEARCH_PATHS = "$(inherited)";
				INFOPLIST_FILE = ../src/main/resources/Info.plist;
				LD_RUNPATH_SEARCH_PATHS = "$(inherited) @executable_path/Frameworks";
				MOE_COPY_ANDROID_CACERTS = NO;
				MOE_FRAMEWORK_PATH = "${MOE_SDK_PATH}/sdk/${PLATFORM_NAME}";
				MOE_OTHER_LDFLAGS = "${MOE_SECT_OAT} ${MOE_SECT_ART} ${MOE_SEGPROT} ${MOE_PAGEZERO} ${MOE_CUSTOM_OTHER_LDFLAGS} -lstdc++ -framework MOE";
				"MOE_PAGEZERO[sdk=iphoneos*]" = "";
				"MOE_PAGEZERO[sdk=iphonesimulator*]" = "-pagezero_size 4096";
				MOE_PROJECT_BUILD_DIR = "${MOE_PROJECT_DIR}/build";
				MOE_PROJECT_DIR = "${SRCROOT}/../";
				MOE_SDK_PATH = "${MOE_PROJECT_BUILD_DIR}/moe/sdk";
				MOE_SECT_ART = "-sectcreate __ARTDATA __artdata \"${MOE_PROJECT_BUILD_DIR}/moe/main/xcode/${CONFIGURATION}${EFFECTIVE_PLATFORM_NAME}/${arch}.art\"";
				MOE_SECT_OAT = "-sectcreate __OATDATA __oatdata \"${MOE_PROJECT_BUILD_DIR}/moe/main/xcode/${CONFIGURATION}${EFFECTIVE_PLATFORM_NAME}/${arch}.oat\"";
				"MOE_SEGPROT[sdk=iphoneos*]" = "-segprot __OATDATA rx rx -segprot __ARTDATA rw rw";
				"MOE_SEGPROT[sdk=iphonesimulator*]" = "-segprot __OATDATA rwx rx -segprot __ARTDATA rwx rw";
				ONLY_ACTIVE_ARCH = NO;
				OTHER_LDFLAGS = "${MOE_OTHER_LDFLAGS}";
				PRODUCT_NAME = SpeakHere;
				STRIP_STYLE = "non-global";
			};
			name = Release;
		};
		644CDA57B4C79291C96EA45C /* Debug */ = {
			isa = XCBuildConfiguration;
			buildSettings = {
				ALWAYS_SEARCH_USER_PATHS = NO;
				CLANG_CXX_LANGUAGE_STANDARD = "gnu++0x";
				CLANG_CXX_LIBRARY = "libc++";
				CLANG_ENABLE_MODULES = YES;
				CLANG_ENABLE_OBJC_ARC = YES;
				CLANG_WARN_BOOL_CONVERSION = YES;
				CLANG_WARN_CONSTANT_CONVERSION = YES;
				CLANG_WARN_DIRECT_OBJC_ISA_USAGE = YES_ERROR;
				CLANG_WARN_EMPTY_BODY = YES;
				CLANG_WARN_ENUM_CONVERSION = YES;
				CLANG_WARN_INT_CONVERSION = YES;
				CLANG_WARN_OBJC_ROOT_CLASS = YES_ERROR;
				CLANG_WARN_UNREACHABLE_CODE = YES;
				CLANG_WARN__DUPLICATE_METHOD_MATCH = YES;
				"CODE_SIGN_IDENTITY[sdk=iphoneos*]" = "iPhone Developer";
				COPY_PHASE_STRIP = NO;
				ENABLE_STRICT_OBJC_MSGSEND = YES;
				FRAMEWORK_SEARCH_PATHS = (
					"$(inherited)",
					"${MOE_FRAMEWORK_PATH}",
				);
				GCC_C_LANGUAGE_STANDARD = gnu99;
				GCC_DYNAMIC_NO_PIC = NO;
				GCC_OPTIMIZATION_LEVEL = 0;
				GCC_PREPROCESSOR_DEFINITIONS = (
					"DEBUG=1",
					"$(inherited)",
				);
				GCC_SYMBOLS_PRIVATE_EXTERN = NO;
				GCC_WARN_64_TO_32_BIT_CONVERSION = YES;
				GCC_WARN_ABOUT_RETURN_TYPE = YES_ERROR;
				GCC_WARN_UNDECLARED_SELECTOR = YES;
				GCC_WARN_UNINITIALIZED_AUTOS = YES_AGGRESSIVE;
				GCC_WARN_UNUSED_FUNCTION = YES;
				GCC_WARN_UNUSED_VARIABLE = YES;
				IPHONEOS_DEPLOYMENT_TARGET = 8.0;
				LD_RUNPATH_SEARCH_PATHS = "$(inherited) @executable_path/Frameworks";
				MTL_ENABLE_DEBUG_INFO = YES;
				SDKROOT = iphoneos;
				SYMROOT = "$(SRCROOT)/../build/moe/xcodebuild/sym";
				TARGETED_DEVICE_FAMILY = "1,2";
			};
			name = Debug;
		};
		682EDFD880D0303E551E405F /* Release */ = {
			isa = XCBuildConfiguration;
			baseConfigurationReference = DAC29BF70E811D01CBA165A6 /* build.xcconfig */;
			buildSettings = {
				DEAD_CODE_STRIPPING = NO;
				EMBEDDED_CONTENT_CONTAINS_SWIFT = NO;
				ENABLE_BITCODE = NO;
				FRAMEWORK_SEARCH_PATHS = "$(inherited)";
				INFOPLIST_FILE = "SpeakHere-Test/Info-Test.plist";
				LD_RUNPATH_SEARCH_PATHS = "$(inherited) @executable_path/Frameworks";
				MOE_COPY_ANDROID_CACERTS = NO;
				MOE_FRAMEWORK_PATH = "${MOE_SDK_PATH}/sdk/${PLATFORM_NAME}";
				MOE_OTHER_LDFLAGS = "${MOE_SECT_OAT} ${MOE_SECT_ART} ${MOE_SEGPROT} ${MOE_PAGEZERO} ${MOE_CUSTOM_OTHER_LDFLAGS} -lstdc++ -framework MOE";
				"MOE_PAGEZERO[sdk=iphoneos*]" = "";
				"MOE_PAGEZERO[sdk=iphonesimulator*]" = "-pagezero_size 4096";
				MOE_PROJECT_BUILD_DIR = "${MOE_PROJECT_DIR}/build";
				MOE_PROJECT_DIR = "${SRCROOT}/../";
				MOE_SDK_PATH = "${MOE_PROJECT_BUILD_DIR}/moe/sdk";
				MOE_SECT_ART = "-sectcreate __ARTDATA __artdata \"${MOE_PROJECT_BUILD_DIR}/moe/test/xcode/${CONFIGURATION}${EFFECTIVE_PLATFORM_NAME}/${arch}.art\"";
				MOE_SECT_OAT = "-sectcreate __OATDATA __oatdata \"${MOE_PROJECT_BUILD_DIR}/moe/test/xcode/${CONFIGURATION}${EFFECTIVE_PLATFORM_NAME}/${arch}.oat\"";
				"MOE_SEGPROT[sdk=iphoneos*]" = "-segprot __OATDATA rx rx -segprot __ARTDATA rw rw";
				"MOE_SEGPROT[sdk=iphonesimulator*]" = "-segprot __OATDATA rwx rx -segprot __ARTDATA rwx rw";
				ONLY_ACTIVE_ARCH = NO;
				OTHER_LDFLAGS = "${MOE_OTHER_LDFLAGS}";
				PRODUCT_NAME = "SpeakHere-Test";
				STRIP_STYLE = "non-global";
			};
			name = Release;
		};
		875D9DB670FBE3814F3D9410 /* Release */ = {
			isa = XCBuildConfiguration;
			buildSettings = {
				ALWAYS_SEARCH_USER_PATHS = NO;
				CLANG_CXX_LANGUAGE_STANDARD = "gnu++0x";
				CLANG_CXX_LIBRARY = "libc++";
				CLANG_ENABLE_MODULES = YES;
				CLANG_ENABLE_OBJC_ARC = YES;
				CLANG_WARN_BOOL_CONVERSION = YES;
				CLANG_WARN_CONSTANT_CONVERSION = YES;
				CLANG_WARN_DIRECT_OBJC_ISA_USAGE = YES_ERROR;
				CLANG_WARN_EMPTY_BODY = YES;
				CLANG_WARN_ENUM_CONVERSION = YES;
				CLANG_WARN_INT_CONVERSION = YES;
				CLANG_WARN_OBJC_ROOT_CLASS = YES_ERROR;
				CLANG_WARN_UNREACHABLE_CODE = YES;
				CLANG_WARN__DUPLICATE_METHOD_MATCH = YES;
				"CODE_SIGN_IDENTITY[sdk=iphoneos*]" = "iPhone Developer";
				COPY_PHASE_STRIP = YES;
				ENABLE_NS_ASSERTIONS = NO;
				ENABLE_STRICT_OBJC_MSGSEND = YES;
				FRAMEWORK_SEARCH_PATHS = (
					"$(inherited)",
					"${MOE_FRAMEWORK_PATH}",
				);
				GCC_C_LANGUAGE_STANDARD = gnu99;
				GCC_WARN_64_TO_32_BIT_CONVERSION = YES;
				GCC_WARN_ABOUT_RETURN_TYPE = YES_ERROR;
				GCC_WARN_UNDECLARED_SELECTOR = YES;
				GCC_WARN_UNINITIALIZED_AUTOS = YES_AGGRESSIVE;
				GCC_WARN_UNUSED_FUNCTION = YES;
				GCC_WARN_UNUSED_VARIABLE = YES;
				IPHONEOS_DEPLOYMENT_TARGET = 8.0;
				LD_RUNPATH_SEARCH_PATHS = "$(inherited) @executable_path/Frameworks";
				MTL_ENABLE_DEBUG_INFO = NO;
				SDKROOT = iphoneos;
				SYMROOT = "$(SRCROOT)/../build/moe/xcodebuild/sym";
				TARGETED_DEVICE_FAMILY = "1,2";
				VALIDATE_PRODUCT = YES;
			};
			name = Release;
		};
		9D54ADE26407029A88D8EA38 /* Debug */ = {
			isa = XCBuildConfiguration;
			baseConfigurationReference = DAC29BF70E811D01CBA165A6 /* build.xcconfig */;
			buildSettings = {
				DEAD_CODE_STRIPPING = NO;
				EMBEDDED_CONTENT_CONTAINS_SWIFT = NO;
				ENABLE_BITCODE = NO;
				FRAMEWORK_SEARCH_PATHS = "$(inherited)";
				INFOPLIST_FILE = "SpeakHere-Test/Info-Test.plist";
				LD_RUNPATH_SEARCH_PATHS = "$(inherited) @executable_path/Frameworks";
				MOE_COPY_ANDROID_CACERTS = NO;
				MOE_FRAMEWORK_PATH = "${MOE_SDK_PATH}/sdk/${PLATFORM_NAME}";
				MOE_OTHER_LDFLAGS = "${MOE_SECT_OAT} ${MOE_SECT_ART} ${MOE_SEGPROT} ${MOE_PAGEZERO} ${MOE_CUSTOM_OTHER_LDFLAGS} -lstdc++ -framework MOE";
				"MOE_PAGEZERO[sdk=iphoneos*]" = "";
				"MOE_PAGEZERO[sdk=iphonesimulator*]" = "-pagezero_size 4096";
				MOE_PROJECT_BUILD_DIR = "${MOE_PROJECT_DIR}/build";
				MOE_PROJECT_DIR = "${SRCROOT}/../";
				MOE_SDK_PATH = "${MOE_PROJECT_BUILD_DIR}/moe/sdk";
				MOE_SECT_ART = "-sectcreate __ARTDATA __artdata \"${MOE_PROJECT_BUILD_DIR}/moe/test/xcode/${CONFIGURATION}${EFFECTIVE_PLATFORM_NAME}/${arch}.art\"";
				MOE_SECT_OAT = "-sectcreate __OATDATA __oatdata \"${MOE_PROJECT_BUILD_DIR}/moe/test/xcode/${CONFIGURATION}${EFFECTIVE_PLATFORM_NAME}/${arch}.oat\"";
				"MOE_SEGPROT[sdk=iphoneos*]" = "-segprot __OATDATA rx rx -segprot __ARTDATA rw rw";
				"MOE_SEGPROT[sdk=iphonesimulator*]" = "-segprot __OATDATA rwx rx -segprot __ARTDATA rwx rw";
				ONLY_ACTIVE_ARCH = YES;
				OTHER_LDFLAGS = "${MOE_OTHER_LDFLAGS}";
				PRODUCT_NAME = "SpeakHere-Test";
				STRIP_STYLE = "non-global";
			};
			name = Debug;
		};
/* End XCBuildConfiguration section */

/* Begin XCConfigurationList section */
		1D978B96CDFC7B1D42559091 /* Build configuration list for PBXProject "SpeakHere" */ = {
			isa = XCConfigurationList;
			buildConfigurations = (
				644CDA57B4C79291C96EA45C /* Debug */,
				875D9DB670FBE3814F3D9410 /* Release */,
			);
			defaultConfigurationIsVisible = 0;
			defaultConfigurationName = Release;
		};
		275A947020540B3EE29DFCB9 /* Build configuration list for PBXNativeTarget "SpeakHere" */ = {
			isa = XCConfigurationList;
			buildConfigurations = (
				05C3461E3E34381C38493861 /* Debug */,
				310CF84D3E666820F9DC544B /* Release */,
			);
			defaultConfigurationIsVisible = 0;
			defaultConfigurationName = Release;
		};
		F66A672D1D5BF827F9F43F8B /* Build configuration list for PBXNativeTarget "SpeakHere-Test" */ = {
			isa = XCConfigurationList;
			buildConfigurations = (
				9D54ADE26407029A88D8EA38 /* Debug */,
				682EDFD880D0303E551E405F /* Release */,
			);
			defaultConfigurationIsVisible = 0;
			defaultConfigurationName = Release;
		};
/* End XCConfigurationList section */
	};
	rootObject = F0B1ED940C9EF0D7AAD4FF36 /* Project object */;
}
